
Microsoft Visual Studio Solution File, Format Version 12.00
# Visual Studio Express 14 for Web
VisualStudioVersion = 14.0.25123.0
MinimumVisualStudioVersion = 10.0.40219.1
Project("{FAE04EC0-301F-11D3-BF4B-00C04F79EFBC}") = "BNP_Plugins", "BNP_Plugins\BNP_Plugins.csproj", "{85DD0ECC-F1CF-47A7-AAEE-38716274E355}"
EndProject
Project("{FAE04EC0-301F-11D3-BF4B-00C04F79EFBC}") = "BNP_WebResources", "BNP_WebResources\BNP_WebResources.csproj", "{59C01E28-B6B5-49EF-86B0-E8CE4E88B6A9}"
EndProject
Global
	GlobalSection(SolutionConfigurationPlatforms) = preSolution
		Debug|Any CPU = Debug|Any CPU
		Release|Any CPU = Release|Any CPU
	EndGlobalSection
	GlobalSection(ProjectConfigurationPlatforms) = postSolution
		{85DD0ECC-F1CF-47A7-AAEE-38716274E355}.Debug|Any CPU.ActiveCfg = Debug|Any CPU
		{85DD0ECC-F1CF-47A7-AAEE-38716274E355}.Debug|Any CPU.Build.0 = Debug|Any CPU
		{85DD0ECC-F1CF-47A7-AAEE-38716274E355}.Release|Any CPU.ActiveCfg = Release|Any CPU
		{85DD0ECC-F1CF-47A7-AAEE-38716274E355}.Release|Any CPU.Build.0 = Release|Any CPU
		{59C01E28-B6B5-49EF-86B0-E8CE4E88B6A9}.Debug|Any CPU.ActiveCfg = Debug|Any CPU
		{59C01E28-B6B5-49EF-86B0-E8CE4E88B6A9}.Debug|Any CPU.Build.0 = Debug|Any CPU
		{59C01E28-B6B5-49EF-86B0-E8CE4E88B6A9}.Release|Any CPU.ActiveCfg = Release|Any CPU
		{59C01E28-B6B5-49EF-86B0-E8CE4E88B6A9}.Release|Any CPU.Build.0 = Release|Any CPU
	EndGlobalSection
	GlobalSection(SolutionProperties) = preSolution
		HideSolutionNode = FALSE
	EndGlobalSection
	GlobalSection(TeamFoundationVersionControl) = preSolution
		SccNumberOfProjects = 3
		SccEnterpriseProvider = {4CA58AB2-18FA-4F8D-95D4-32DDF27D184C}
		SccTeamFoundationServer = http://isapp:8080/tfs/inkey
		SccProjectUniqueName0 = BNP_Plugins\\BNP_Plugins.csproj
		SccProjectName0 = BNP_Plugins
		SccLocalPath0 = BNP_Plugins
		SccProjectUniqueName1 = BNP_WebResources\\BNP_WebResources.csproj
		SccProjectName1 = BNP_WebResources
		SccLocalPath1 = BNP_WebResources
		SccLocalPath2 = .
	EndGlobalSection
EndGlobal
